
Microsoft Visual Studio Solution File, Format Version 12.00
# Visual Studio 15
VisualStudioVersion = 15.0.28307.271
MinimumVisualStudioVersion = 10.0.40219.1
Project("{8BC9CEB8-8B4A-11D0-8D11-00A0C91BC942}") = "desk", "desk\desk.vcxproj", "{06E09B93-86B3-4594-967A-B20230E1AFA5}"
	ProjectSection(ProjectDependencies) = postProject
		{E106ACD7-4E53-4AEE-942B-D0DD426DB34E} = {E106ACD7-4E53-4AEE-942B-D0DD426DB34E}
	EndProjectSection
EndProject
Project("{8BC9CEB8-8B4A-11D0-8D11-00A0C91BC942}") = "DuiLib", "DuiLib\DuiLib.vcxproj", "{E106ACD7-4E53-4AEE-942B-D0DD426DB34E}"
EndProject
Project("{8BC9CEB8-8B4A-11D0-8D11-00A0C91BC942}") = "ATLProject1", "ATLProject1\ATLProject1.vcxproj", "{046AFF3A-632B-440E-8ADC-6837A6E31088}"
EndProject
Global
	GlobalSection(SolutionConfigurationPlatforms) = preSolution
		Debug|x64 = Debug|x64
		Debug|x86 = Debug|x86
		Release|x64 = Release|x64
		Release|x86 = Release|x86
	EndGlobalSection
	GlobalSection(ProjectConfigurationPlatforms) = postSolution
		{06E09B93-86B3-4594-967A-B20230E1AFA5}.Debug|x64.ActiveCfg = Debug|x64
		{06E09B93-86B3-4594-967A-B20230E1AFA5}.Debug|x64.Build.0 = Debug|x64
		{06E09B93-86B3-4594-967A-B20230E1AFA5}.Debug|x86.ActiveCfg = Debug|Win32
		{06E09B93-86B3-4594-967A-B20230E1AFA5}.Debug|x86.Build.0 = Debug|Win32
		{06E09B93-86B3-4594-967A-B20230E1AFA5}.Release|x64.ActiveCfg = Release|x64
		{06E09B93-86B3-4594-967A-B20230E1AFA5}.Release|x64.Build.0 = Release|x64
		{06E09B93-86B3-4594-967A-B20230E1AFA5}.Release|x86.ActiveCfg = Release|Win32
		{06E09B93-86B3-4594-967A-B20230E1AFA5}.Release|x86.Build.0 = Release|Win32
		{E106ACD7-4E53-4AEE-942B-D0DD426DB34E}.Debug|x64.ActiveCfg = debug|x64
		{E106ACD7-4E53-4AEE-942B-D0DD426DB34E}.Debug|x64.Build.0 = debug|x64
		{E106ACD7-4E53-4AEE-942B-D0DD426DB34E}.Debug|x86.ActiveCfg = debug|Win32
		{E106ACD7-4E53-4AEE-942B-D0DD426DB34E}.Debug|x86.Build.0 = debug|Win32
		{E106ACD7-4E53-4AEE-942B-D0DD426DB34E}.Release|x64.ActiveCfg = release|x64
		{E106ACD7-4E53-4AEE-942B-D0DD426DB34E}.Release|x64.Build.0 = release|x64
		{E106ACD7-4E53-4AEE-942B-D0DD426DB34E}.Release|x86.ActiveCfg = release|Win32
		{E106ACD7-4E53-4AEE-942B-D0DD426DB34E}.Release|x86.Build.0 = release|Win32
		{046AFF3A-632B-440E-8ADC-6837A6E31088}.Debug|x64.ActiveCfg = Debug|x64
		{046AFF3A-632B-440E-8ADC-6837A6E31088}.Debug|x64.Build.0 = Debug|x64
		{046AFF3A-632B-440E-8ADC-6837A6E31088}.Debug|x86.ActiveCfg = Debug|Win32
		{046AFF3A-632B-440E-8ADC-6837A6E31088}.Debug|x86.Build.0 = Debug|Win32
		{046AFF3A-632B-440E-8ADC-6837A6E31088}.Release|x64.ActiveCfg = Release|x64
		{046AFF3A-632B-440E-8ADC-6837A6E31088}.Release|x64.Build.0 = Release|x64
		{046AFF3A-632B-440E-8ADC-6837A6E31088}.Release|x86.ActiveCfg = Release|Win32
		{046AFF3A-632B-440E-8ADC-6837A6E31088}.Release|x86.Build.0 = Release|Win32
	EndGlobalSection
	GlobalSection(SolutionProperties) = preSolution
		HideSolutionNode = FALSE
	EndGlobalSection
	GlobalSection(ExtensibilityGlobals) = postSolution
		SolutionGuid = {19C2C493-B6E4-4CAC-839F-4D897D63E0D6}
	EndGlobalSection
EndGlobal
