<?xml version="1.0" encoding="utf-8"?>
<Project ToolsVersion="4.0" xmlns="http://schemas.microsoft.com/developer/msbuild/2003">
  <ItemGroup>
    <Filter Include="Resource Files">
      <UniqueIdentifier>{67DA6AB6-F800-4c08-8B7A-83BB121AAD01}</UniqueIdentifier>
      <Extensions>rc;ico;cur;bmp;dlg;rc2;rct;bin;rgs;gif;jpg;jpeg;jpe;resx;tiff;tif;png;wav;mfcribbon-ms</Extensions>
    </Filter>
    <Filter Include="Main">
      <UniqueIdentifier>{4FC737F1-C7A5-4376-A066-2A32D752A2FF}</UniqueIdentifier>
      <Extensions>cpp;c;cc;cxx;def;odl;idl;hpj;bat;asm;asmx</Extensions>
    </Filter>
    <Filter Include="MainWindow">
      <UniqueIdentifier>{5b88bb82-13d9-4821-92df-62e788c7da9a}</UniqueIdentifier>
    </Filter>
    <Filter Include="Dialog">
      <UniqueIdentifier>{e74af68b-e7c8-4461-a460-34f4e29e91ed}</UniqueIdentifier>
    </Filter>
    <Filter Include="Sqlite3">
      <UniqueIdentifier>{05eb5c0e-d84e-4f11-88ca-b0f1370c4329}</UniqueIdentifier>
    </Filter>
    <Filter Include="Defines">
      <UniqueIdentifier>{45dd0615-423e-42d9-8924-4dfa6b7b2525}</UniqueIdentifier>
    </Filter>
    <Filter Include="SetDlg">
      <UniqueIdentifier>{c03e6ce4-efba-4350-adab-91a86ce062c4}</UniqueIdentifier>
    </Filter>
  </ItemGroup>
  <ItemGroup>
    <Text Include="readme.txt" />
  </ItemGroup>
  <ItemGroup>
    <ClCompile Include="MainWindow\MainWindow.cpp">
      <Filter>MainWindow</Filter>
    </ClCompile>
    <ClCompile Include="MsgDlg\MsgDlg.cpp">
      <Filter>Dialog</Filter>
    </ClCompile>
    <ClCompile Include="WinMain.cpp">
      <Filter>Main</Filter>
    </ClCompile>
    <ClCompile Include="sqlite3\Sqlite3Adaptor.cpp">
      <Filter>Sqlite3</Filter>
    </ClCompile>
    <ClCompile Include="SetDlg\SetDlg.cpp">
      <Filter>SetDlg</Filter>
    </ClCompile>
  </ItemGroup>
  <ItemGroup>
    <ClInclude Include="MainWindow\MainWindow.h">
      <Filter>MainWindow</Filter>
    </ClInclude>
    <ClInclude Include="MsgDlg\MsgDlg.h">
      <Filter>Dialog</Filter>
    </ClInclude>
    <ClInclude Include="resource.h">
      <Filter>Resource Files</Filter>
    </ClInclude>
    <ClInclude Include="sqlite3\sqlite3.h">
      <Filter>Sqlite3</Filter>
    </ClInclude>
    <ClInclude Include="sqlite3\Sqlite3Adaptor.h">
      <Filter>Sqlite3</Filter>
    </ClInclude>
    <ClInclude Include="SetDlg\SetDlg.h">
      <Filter>SetDlg</Filter>
    </ClInclude>
  </ItemGroup>
  <ItemGroup>
    <Xml Include="..\release\res\msgdlg.xml">
      <Filter>Resource Files</Filter>
    </Xml>
    <Xml Include="..\release\res\res.xml">
      <Filter>Resource Files</Filter>
    </Xml>
    <Xml Include="..\release\res\mainwindow.xml">
      <Filter>Resource Files</Filter>
    </Xml>
    <Xml Include="..\release\res\setdlg.xml">
      <Filter>Resource Files</Filter>
    </Xml>
  </ItemGroup>
  <ItemGroup>
    <ResourceCompile Include="desk.rc">
      <Filter>Resource Files</Filter>
    </ResourceCompile>
  </ItemGroup>
  <ItemGroup>
    <None Include="..\release\res.zip" />
  </ItemGroup>
</Project>